// !$*UTF8*$!
{
	archiveVersion = 1;
	classes = {
	};
	objectVersion = 63;
	objects = {

/* Begin PBXBuildFile section */
		0238DAAB3C0EFBA6A120277E /* WoundRecord+Extensions.swift in Sources */ = {isa = PBXBuildFile; fileRef = 2E007CE4B8A46FEABCF85AE0 /* WoundRecord+Extensions.swift */; };
		0E0B4A325DD22D2A0681CD1F /* WoundBoundary.swift in Sources */ = {isa = PBXBuildFile; fileRef = 4FB5BF9E4627CB7BE8CDED55 /* WoundBoundary.swift */; };
		0EE5C78D8E4792174C55BA65 /* PatientCaptureManager.swift in Sources */ = {isa = PBXBuildFile; fileRef = B4D7F6C191BDA8A68917FD09 /* PatientCaptureManager.swift */; };
		11EE8CF6C366BB0D3A96FF0E /* WoundDetectionPropertyTests.swift in Sources */ = {isa = PBXBuildFile; fileRef = A65C9D40AFA26DD36B9C3E95 /* WoundDetectionPropertyTests.swift */; };
		12EDF0E39D2B89EF77A5A778 /* LocalAuthentication.framework in Frameworks */ = {isa = PBXBuildFile; fileRef = AC82D786B78DDD34057299C8 /* LocalAuthentication.framework */; };
		146F47BFE2FBA850DAD5FDCC /* SecurityManagerPropertyTests.swift in Sources */ = {isa = PBXBuildFile; fileRef = 375DAED9F93EDD4F41E688C6 /* SecurityManagerPropertyTests.swift */; };
		176F7A1D386307A89D085D68 /* FileStorageManagerTests.swift in Sources */ = {isa = PBXBuildFile; fileRef = 6DE1982DD9305D592AC5DD6E /* FileStorageManagerTests.swift */; };
		1A80893888B5BE2A541EC533 /* FileStorageManager.swift in Sources */ = {isa = PBXBuildFile; fileRef = 8ACD409062A80C28C7CCDF60 /* FileStorageManager.swift */; };
		1BAB97EC2F89B3F51E1F837E /* TimelineChronologicalOrderPropertyTests.swift in Sources */ = {isa = PBXBuildFile; fileRef = 71053B481F683EA334D5F032 /* TimelineChronologicalOrderPropertyTests.swift */; };
		1E3ACC803CDDACE3194A7C0E /* CameraTypes.swift in Sources */ = {isa = PBXBuildFile; fileRef = 58A39E121149DE58CCABD577 /* CameraTypes.swift */; };
		1E8C436BA2267A59A885D3B7 /* PatientRecordDisplayPropertyTests.swift in Sources */ = {isa = PBXBuildFile; fileRef = 72B239A9A443C26B784B6D63 /* PatientRecordDisplayPropertyTests.swift */; };
		1F7911D4C92FE91F50A6D335 /* CameraManualControlsTests.swift in Sources */ = {isa = PBXBuildFile; fileRef = A3B54A53E3BA41099F1A938F /* CameraManualControlsTests.swift */; };
		251F42890D0C4B0CE19A89E6 /* SecurityManager.swift in Sources */ = {isa = PBXBuildFile; fileRef = C105D781E00C00030C27679C /* SecurityManager.swift */; };
		257E24020AB1DA2373BB8885 /* PatientDetailView.swift in Sources */ = {isa = PBXBuildFile; fileRef = AC8F4375E7BB2B11E983FA70 /* PatientDetailView.swift */; };
		275DF00CE170A7B92A8BF79D /* SwiftCheck in Frameworks */ = {isa = PBXBuildFile; productRef = 52DDE502C8909D441B1A9C3E /* SwiftCheck */; };
		2788D4291EAF9B8C53AC35B4 /* CryptoKit.framework in Frameworks */ = {isa = PBXBuildFile; fileRef = 3CC3B9910FDBBDC923F7C817 /* CryptoKit.framework */; };
		2A2E0B4BC7E958B79F2C779C /* SyncManager.swift in Sources */ = {isa = PBXBuildFile; fileRef = 3865E33BDBD99B4116760096 /* SyncManager.swift */; };
		2E9D82BA5DC2C0FC74DD9EA4 /* PerformanceOptimizer.swift in Sources */ = {isa = PBXBuildFile; fileRef = 7D75688989AFF0FA6FCB5487 /* PerformanceOptimizer.swift */; };
		2EBEE5B1F60CE6C00816FE2D /* CaptureSession+Extensions.swift in Sources */ = {isa = PBXBuildFile; fileRef = 0756970C673F50C51296B75F /* CaptureSession+Extensions.swift */; };
		36B0F80E220A34318F01E352 /* CameraManager.swift in Sources */ = {isa = PBXBuildFile; fileRef = 70E18317740869D70B34DE7F /* CameraManager.swift */; };
		3D791313C813D29DD3B9E596 /* PatientManager.swift in Sources */ = {isa = PBXBuildFile; fileRef = 528A2FA5C4D755BBCB37BBD3 /* PatientManager.swift */; };
		3DA5E03E77364ADEFD846080 /* User+Extensions.swift in Sources */ = {isa = PBXBuildFile; fileRef = A2B93176449139EFA1D1AC3F /* User+Extensions.swift */; };
		4439430C7131442AA4832243 /* Assets.xcassets in Resources */ = {isa = PBXBuildFile; fileRef = AAE51C5953A2EDEB530652A4 /* Assets.xcassets */; };
		44643D092AC0D28E85C9E3DA /* PediLensApp.swift in Sources */ = {isa = PBXBuildFile; fileRef = 956BF8C8109F97228EB87449 /* PediLensApp.swift */; };
		46C4EB13C2AA99A8367E8B84 /* UncalibratedMeasurementWarningPropertyTests.swift in Sources */ = {isa = PBXBuildFile; fileRef = 0B155D545FB6B46DAE41EEBC /* UncalibratedMeasurementWarningPropertyTests.swift */; };
		48B1B3E2D94EE933DE7230D1 /* PatientSelectionView.swift in Sources */ = {isa = PBXBuildFile; fileRef = E659D998C9CC36633EA64393 /* PatientSelectionView.swift */; };
		502791E87FFCD163F91E80B9 /* WoundDetectionServiceTests.swift in Sources */ = {isa = PBXBuildFile; fileRef = 514629B1180CBD97F5C46B15 /* WoundDetectionServiceTests.swift */; };
		51310AED5828AD5774F13546 /* MeasurementManager.swift in Sources */ = {isa = PBXBuildFile; fileRef = 2285D950A378D75194A55926 /* MeasurementManager.swift */; };
		5387EA8E621FA83FC05EF7BD /* WoundDetectionService.swift in Sources */ = {isa = PBXBuildFile; fileRef = 1F99A6FCFB192E6FD2774723 /* WoundDetectionService.swift */; };
		54FC41DB113A9D31DE1DE6B7 /* PDFKit.framework in Frameworks */ = {isa = PBXBuildFile; fileRef = 4A63FC4B50B3E3CBF7C949F5 /* PDFKit.framework */; };
		559E5DBEE5314AFA2F843CA8 /* WoundManager.swift in Sources */ = {isa = PBXBuildFile; fileRef = F234891FA87BCF433E791F5B /* WoundManager.swift */; };
		5942DFEE0A98B587C1DFB4CC /* CloudKit.framework in Frameworks */ = {isa = PBXBuildFile; fileRef = 747A982603A4C6C64C6B381D /* CloudKit.framework */; };
		5EF147DCF08D3FDF8A0C564C /* SyncConflictViewModel.swift in Sources */ = {isa = PBXBuildFile; fileRef = 16BB9D3A3FAC6E1BAF9D95DA /* SyncConflictViewModel.swift */; };
		6042CDB7F83E2F8983099124 /* MultiFormatExportPropertyTests.swift in Sources */ = {isa = PBXBuildFile; fileRef = 4104548B513344D3752706AC /* MultiFormatExportPropertyTests.swift */; };
		60663285C6571C4C772F11A7 /* TimelineView.swift in Sources */ = {isa = PBXBuildFile; fileRef = 71DA09D5DB08316DA0C02675 /* TimelineView.swift */; };
		62E291E71DC08B557D9E6F50 /* UserManager.swift in Sources */ = {isa = PBXBuildFile; fileRef = AAF257B5B484DBCEE4E55427 /* UserManager.swift */; };
		63662FD7DB7621DA6B1B66DF /* UserRole.swift in Sources */ = {isa = PBXBuildFile; fileRef = 38C24940654E5BBECA53AD4A /* UserRole.swift */; };
		6B1B746CE9356E56DC161667 /* ContentView.swift in Sources */ = {isa = PBXBuildFile; fileRef = C2C231C6CDF9B5FC03EBCE79 /* ContentView.swift */; };
		6D37BFF72C085DC20A710D4E /* CaptureSessionTimestampPropertyTests.swift in Sources */ = {isa = PBXBuildFile; fileRef = 0D5CF92288149BD17D918E6B /* CaptureSessionTimestampPropertyTests.swift */; };
		6E8F32F38B499DD28E8DBA20 /* PatientListView.swift in Sources */ = {isa = PBXBuildFile; fileRef = 305ACA9092CB14707B5E89B9 /* PatientListView.swift */; };
		6EA0486E22B56DA88409AD10 /* CaptureSessionManager.swift in Sources */ = {isa = PBXBuildFile; fileRef = 3E61987DEF8EDE4B66841126 /* CaptureSessionManager.swift */; };
		6ED65E81BFB16EDE42DCC3FA /* MeasurementPropertyTests.swift in Sources */ = {isa = PBXBuildFile; fileRef = 691BF9979212AA4069FA060B /* MeasurementPropertyTests.swift */; };
		748969EB247735E0BF540F14 /* PatientRecordFilteringPropertyTests.swift in Sources */ = {isa = PBXBuildFile; fileRef = 9CF02566AA2D38A75B173635 /* PatientRecordFilteringPropertyTests.swift */; };
		7A05D091EAE6BA37C3F1846A /* CoreDataEntityExtensionsTests.swift in Sources */ = {isa = PBXBuildFile; fileRef = 3EA06BB7CAE65A1D040FED5B /* CoreDataEntityExtensionsTests.swift */; };
		7A91F5E530DF2F6BCFE48977 /* SyncConflictView.swift in Sources */ = {isa = PBXBuildFile; fileRef = A838F24249AAEAC5CBE5E4E7 /* SyncConflictView.swift */; };
		7E3934903DA0A36D9C2BAEE9 /* PatientManagerTests.swift in Sources */ = {isa = PBXBuildFile; fileRef = 5E15647FDA1FF5FECB185DF7 /* PatientManagerTests.swift */; };
		806EED8E63F7E39C4F510E86 /* UserManagerTests.swift in Sources */ = {isa = PBXBuildFile; fileRef = 39C8A4CE9C35161D58F9135C /* UserManagerTests.swift */; };
		856EE1E745C36CF1F5F67696 /* CameraMultiFormatPropertyTests.swift in Sources */ = {isa = PBXBuildFile; fileRef = 9BE33545B99AFE50B6578997 /* CameraMultiFormatPropertyTests.swift */; };
		857CE8C0EF693D9E15585C60 /* Security.framework in Frameworks */ = {isa = PBXBuildFile; fileRef = 79A03E3DA6E289DF1B7D2952 /* Security.framework */; };
		88DD43A2A60E1CAA20A354F1 /* WoundSizeChangePropertyTests.swift in Sources */ = {isa = PBXBuildFile; fileRef = 8185F25801E92CEFD8652499 /* WoundSizeChangePropertyTests.swift */; };
		899160DDAF9A5AEEF611A471 /* CoreDataOfflinePropertyTests.swift in Sources */ = {isa = PBXBuildFile; fileRef = 9BFED549962510BDF31A82BD /* CoreDataOfflinePropertyTests.swift */; };
		8D3777F018A4875843C77603 /* MeasurementManagerTests.swift in Sources */ = {isa = PBXBuildFile; fileRef = FF426ED791AF952104B3E7FF /* MeasurementManagerTests.swift */; };
		909BA843479D0C2DEBEC5C16 /* WoundManagerTests.swift in Sources */ = {isa = PBXBuildFile; fileRef = D4F5E47555A4ECD04A5AECCE /* WoundManagerTests.swift */; };
		92F8D2C5F8BD90C3174444A2 /* Note+Extensions.swift in Sources */ = {isa = PBXBuildFile; fileRef = 9E1E6554061CF6503D9769A7 /* Note+Extensions.swift */; };
		9371AB884DCCFEE70E27C1E9 /* DataAnonymizationPropertyTests.swift in Sources */ = {isa = PBXBuildFile; fileRef = 846315941C10729F8DBB1BE3 /* DataAnonymizationPropertyTests.swift */; };
		93C87925D306CC65C5102116 /* AVFoundation.framework in Frameworks */ = {isa = PBXBuildFile; fileRef = B6E518F7C25DB3110238D316 /* AVFoundation.framework */; };
		978FC7C77FA272DAFAE5F0AE /* Patient+Extensions.swift in Sources */ = {isa = PBXBuildFile; fileRef = 232ABE2DEF00DCA183A4C339 /* Patient+Extensions.swift */; };
		97967C9C720E9E68FCE5D4CE /* ExportManager.swift in Sources */ = {isa = PBXBuildFile; fileRef = BA88FDB4C8744BF23C63EA8B /* ExportManager.swift */; };
		99999F92009DE86566CFA65B /* PersistenceController.swift in Sources */ = {isa = PBXBuildFile; fileRef = 932C22C1E7D854D20D361C68 /* PersistenceController.swift */; };
		9D04385851451FB0415E00D4 /* NoThirdPartyTransmissionPropertyTests.swift in Sources */ = {isa = PBXBuildFile; fileRef = 1D05157E4540FD9082569FB4 /* NoThirdPartyTransmissionPropertyTests.swift */; };
		9D9DAFC5F2674C7EA00E009E /* LocalErrorLoggingPropertyTests.swift in Sources */ = {isa = PBXBuildFile; fileRef = 992F1DF6A2D750E711BC6399 /* LocalErrorLoggingPropertyTests.swift */; };
		A1A88D33E92E5AD54E75A93F /* MeasurementCalibration.swift in Sources */ = {isa = PBXBuildFile; fileRef = 98CBF46A05AC7AFDAF31959B /* MeasurementCalibration.swift */; };
		A236F89CA74D23994982CE15 /* LocalOnlySyncPropertyTests.swift in Sources */ = {isa = PBXBuildFile; fileRef = DA893F2D78936D1AC9FE801F /* LocalOnlySyncPropertyTests.swift */; };
		A3294E8904F718259A1AF5DC /* CameraHDRPropertyTests.swift in Sources */ = {isa = PBXBuildFile; fileRef = B3BBA917493E2173FD2D176E /* CameraHDRPropertyTests.swift */; };
		A6D2BCD4CB0CDE0BB58C45CD /* SyncConflictPropertyTests.swift in Sources */ = {isa = PBXBuildFile; fileRef = 2B09E71ADFC62703F2BC8401 /* SyncConflictPropertyTests.swift */; };
		A8714A95A837CCD0A7775837 /* PatientSearchPropertyTests.swift in Sources */ = {isa = PBXBuildFile; fileRef = 30557622A77B9B5775B0BEF3 /* PatientSearchPropertyTests.swift */; };
		A91C423C9E248BCAEFFBD49C /* PersistenceControllerTests.swift in Sources */ = {isa = PBXBuildFile; fileRef = 3D4C1A115AEEA1397CFC075A /* PersistenceControllerTests.swift */; };
		AC4E8808C773071FE0467BBF /* CoreData.framework in Frameworks */ = {isa = PBXBuildFile; fileRef = B456FBFE09FF1B26571490FD /* CoreData.framework */; };
		B2066A0C3E1950DED110FCC6 /* SyncStatusView.swift in Sources */ = {isa = PBXBuildFile; fileRef = 0EE86407FFD8094FFD87D55C /* SyncStatusView.swift */; };
		B665DC51B30C7F19A4B48DC5 /* DataValidationPropertyTests.swift in Sources */ = {isa = PBXBuildFile; fileRef = 1FB34C86C993C3C499D95D15 /* DataValidationPropertyTests.swift */; };
		BDAB44D6A4767F0A982C98D5 /* CoreLocation.framework in Frameworks */ = {isa = PBXBuildFile; fileRef = B14A13950B8F8FBDABA0C091 /* CoreLocation.framework */; };
		BE13163BF75EFF6D7D35A536 /* OfflineSyncQueuePropertyTests.swift in Sources */ = {isa = PBXBuildFile; fileRef = 873AA6A5797EF83E8EA33B17 /* OfflineSyncQueuePropertyTests.swift */; };
		BFC665D03469161A23DFE80F /* CloudKitSyncPropertyTests.swift in Sources */ = {isa = PBXBuildFile; fileRef = 7087AF21AC82EBA8DED0CAAF /* CloudKitSyncPropertyTests.swift */; };
		C050EF9B98433C6C33957200 /* ErrorLogger.swift in Sources */ = {isa = PBXBuildFile; fileRef = E16A0373D9ADEEB1607F614E /* ErrorLogger.swift */; };
		C642491CF59FAA993C03E601 /* DataIntegrityPropertyTests.swift in Sources */ = {isa = PBXBuildFile; fileRef = 68FD1674ABFDC454E6F0D424 /* DataIntegrityPropertyTests.swift */; };
		C714186618F37B09A44D4145 /* ExportPackageCreationPropertyTests.swift in Sources */ = {isa = PBXBuildFile; fileRef = DC7B2C142F95913AF8F38ADA /* ExportPackageCreationPropertyTests.swift */; };
		C8BC6C1A2040DD0060611A49 /* CoreML.framework in Frameworks */ = {isa = PBXBuildFile; fileRef = 8C066B7128D95B36BD8E9F68 /* CoreML.framework */; };
		CA9DD36CDC5A9E613995C0C5 /* Vision.framework in Frameworks */ = {isa = PBXBuildFile; fileRef = 131A8064124285A2A10F3F14 /* Vision.framework */; };
		CEC6855AB7A01D322EA8E795 /* UserRolePropertyTests.swift in Sources */ = {isa = PBXBuildFile; fileRef = B3643D0A206447D9AA3B9C13 /* UserRolePropertyTests.swift */; };
		D40D9C942D7C7E9B97BF1D77 /* StorageManagementView.swift in Sources */ = {isa = PBXBuildFile; fileRef = 721B8A2067ABB8CBD19736F2 /* StorageManagementView.swift */; };
		D54F2762F2D0BB094B08840B /* CameraMaxResolutionPropertyTests.swift in Sources */ = {isa = PBXBuildFile; fileRef = B11F2912A861AC5236226736 /* CameraMaxResolutionPropertyTests.swift */; };
		D804CA353FBCAC647E263854 /* RoleSelectionView.swift in Sources */ = {isa = PBXBuildFile; fileRef = CA4875736916D960315B9C96 /* RoleSelectionView.swift */; };
		D8E2AA7899D7A3A59F357B50 /* CameraManagerTests.swift in Sources */ = {isa = PBXBuildFile; fileRef = EB0BA0F646223B3589404665 /* CameraManagerTests.swift */; };
		DBEEAF9B9D1D5F44750AA8E3 /* SyncStatusUIPropertyTests.swift in Sources */ = {isa = PBXBuildFile; fileRef = 3E9077F217A92B523915FB22 /* SyncStatusUIPropertyTests.swift */; };
		DDDB6A96003F904DB34A51DC /* TimelineEntryCompletenessPropertyTests.swift in Sources */ = {isa = PBXBuildFile; fileRef = E2F3BEC8AFACA28C967E64AE /* TimelineEntryCompletenessPropertyTests.swift */; };
		E245C2FDD222631B180472E3 /* UncalibratedMeasurementWarning.swift in Sources */ = {isa = PBXBuildFile; fileRef = BA8DB0134FEAEB5F0D6B4BB3 /* UncalibratedMeasurementWarning.swift */; };
		E41783CEB8BBEE484D4E070D /* PediLens.xcdatamodeld in Sources */ = {isa = PBXBuildFile; fileRef = B328E2110CE00F916EE7E722 /* PediLens.xcdatamodeld */; };
		E4C0E614DA46937CDAFE9510 /* Localizable.strings in Resources */ = {isa = PBXBuildFile; fileRef = 31CC1434BB8F77795CD5CF3F /* Localizable.strings */; };
		E6226C478F5F3A6D6574DFF7 /* Localization.swift in Sources */ = {isa = PBXBuildFile; fileRef = CF53FAC258AB490DBE2EBAD1 /* Localization.swift */; };
		E6C048D4F5AAA4C1CF8A3565 /* DataIntegrityManager.swift in Sources */ = {isa = PBXBuildFile; fileRef = 899C047C1BC4C4EE8F9AB50F /* DataIntegrityManager.swift */; };
		EB88056376213623B776EC37 /* CaptureSessionLocationPropertyTests.swift in Sources */ = {isa = PBXBuildFile; fileRef = C29F5FC8264E2813A9CF949D /* CaptureSessionLocationPropertyTests.swift */; };
		EBB86759B277EFA950FA66EE /* TimelineDateRangeFilteringPropertyTests.swift in Sources */ = {isa = PBXBuildFile; fileRef = 88A5E8E9B3C87F900E7324CF /* TimelineDateRangeFilteringPropertyTests.swift */; };
		ED9B8011AB81D533FAC8BF95 /* AccessibilityHelpers.swift in Sources */ = {isa = PBXBuildFile; fileRef = D0E290A23F064A18717FDEB8 /* AccessibilityHelpers.swift */; };
		F07971FF72AA52FA37B37921 /* HIPAAExportWarningPropertyTests.swift in Sources */ = {isa = PBXBuildFile; fileRef = 3635BF6C709038F9448E2BD6 /* HIPAAExportWarningPropertyTests.swift */; };
		F07E6C78DAFC9E09119FDD8B /* WoundRecordDeletionPropertyTests.swift in Sources */ = {isa = PBXBuildFile; fileRef = 9AAFBDA137DEA3DD4B572623 /* WoundRecordDeletionPropertyTests.swift */; };
		F085ADDB917ADDCFB06878DF /* Measurement+Extensions.swift in Sources */ = {isa = PBXBuildFile; fileRef = 4E856ABF6A849224AD91EFDC /* Measurement+Extensions.swift */; };
		F4DFB2C279F6C41AE3896396 /* SecurityManager_README.md in Resources */ = {isa = PBXBuildFile; fileRef = 1B9E005E1BAC29CF028E4BD8 /* SecurityManager_README.md */; };
		F71B415C585297CB8DABCCC3 /* CaptureSessionMetadataPropertyTests.swift in Sources */ = {isa = PBXBuildFile; fileRef = 16B5905EC9F7E8C8FDE17083 /* CaptureSessionMetadataPropertyTests.swift */; };
		F7508465488212A288868121 /* SecurityManagerTests.swift in Sources */ = {isa = PBXBuildFile; fileRef = 7453578E3ED202ED024F310C /* SecurityManagerTests.swift */; };
		F784771B4630C1272F930770 /* WoundRecordCreationPropertyTests.swift in Sources */ = {isa = PBXBuildFile; fileRef = 9A01B118AF7F31F687868D9D /* WoundRecordCreationPropertyTests.swift */; };
		F7AAFC7CC1747F0D17BEEFF0 /* PatientIdentificationPropertyTests.swift in Sources */ = {isa = PBXBuildFile; fileRef = 887116CAEB2D47FE10D742D2 /* PatientIdentificationPropertyTests.swift */; };
		FCF7EE0950BF0B664D56EC21 /* CaptureSessionManagerTests.swift in Sources */ = {isa = PBXBuildFile; fileRef = C9EC5E3850FFF6D076E7735B /* CaptureSessionManagerTests.swift */; };
		FE96F586F4090DD871A57543 /* ErrorHandler.swift in Sources */ = {isa = PBXBuildFile; fileRef = 76DD846061A580DD69DB4E00 /* ErrorHandler.swift */; };
/* End PBXBuildFile section */

/* Begin PBXContainerItemProxy section */
		A194D8E35EF7973A6E2BAB69 /* PBXContainerItemProxy */ = {
			isa = PBXContainerItemProxy;
			containerPortal = EDE99034BED6D3132C8B51E8 /* Project object */;
			proxyType = 1;
			remoteGlobalIDString = C2F0CC89CAC24C09293DD05F;
			remoteInfo = PediLens;
		};
/* End PBXContainerItemProxy section */

/* Begin PBXFileReference section */
		06B145390FEF159F05FB3CC1 /* Info.plist */ = {isa = PBXFileReference; lastKnownFileType = text.plist; path = Info.plist; sourceTree = "<group>"; };
		0756970C673F50C51296B75F /* CaptureSession+Extensions.swift */ = {isa = PBXFileReference; lastKnownFileType = sourcecode.swift; path = "CaptureSession+Extensions.swift"; sourceTree = "<group>"; };
		0B155D545FB6B46DAE41EEBC /* UncalibratedMeasurementWarningPropertyTests.swift */ = {isa = PBXFileReference; lastKnownFileType = sourcecode.swift; path = UncalibratedMeasurementWarningPropertyTests.swift; sourceTree = "<group>"; };
		0D5CF92288149BD17D918E6B /* CaptureSessionTimestampPropertyTests.swift */ = {isa = PBXFileReference; lastKnownFileType = sourcecode.swift; path = CaptureSessionTimestampPropertyTests.swift; sourceTree = "<group>"; };
		0EE86407FFD8094FFD87D55C /* SyncStatusView.swift */ = {isa = PBXFileReference; lastKnownFileType = sourcecode.swift; path = SyncStatusView.swift; sourceTree = "<group>"; };
		131A8064124285A2A10F3F14 /* Vision.framework */ = {isa = PBXFileReference; lastKnownFileType = wrapper.framework; name = Vision.framework; path = System/Library/Frameworks/Vision.framework; sourceTree = SDKROOT; };
		16B5905EC9F7E8C8FDE17083 /* CaptureSessionMetadataPropertyTests.swift */ = {isa = PBXFileReference; lastKnownFileType = sourcecode.swift; path = CaptureSessionMetadataPropertyTests.swift; sourceTree = "<group>"; };
		16BB9D3A3FAC6E1BAF9D95DA /* SyncConflictViewModel.swift */ = {isa = PBXFileReference; lastKnownFileType = sourcecode.swift; path = SyncConflictViewModel.swift; sourceTree = "<group>"; };
		1B9E005E1BAC29CF028E4BD8 /* SecurityManager_README.md */ = {isa = PBXFileReference; lastKnownFileType = net.daringfireball.markdown; path = SecurityManager_README.md; sourceTree = "<group>"; };
		1D05157E4540FD9082569FB4 /* NoThirdPartyTransmissionPropertyTests.swift */ = {isa = PBXFileReference; lastKnownFileType = sourcecode.swift; path = NoThirdPartyTransmissionPropertyTests.swift; sourceTree = "<group>"; };
		1F99A6FCFB192E6FD2774723 /* WoundDetectionService.swift */ = {isa = PBXFileReference; lastKnownFileType = sourcecode.swift; path = WoundDetectionService.swift; sourceTree = "<group>"; };
		1FB34C86C993C3C499D95D15 /* DataValidationPropertyTests.swift */ = {isa = PBXFileReference; lastKnownFileType = sourcecode.swift; path = DataValidationPropertyTests.swift; sourceTree = "<group>"; };
		2285D950A378D75194A55926 /* MeasurementManager.swift */ = {isa = PBXFileReference; lastKnownFileType = sourcecode.swift; path = MeasurementManager.swift; sourceTree = "<group>"; };
		232ABE2DEF00DCA183A4C339 /* Patient+Extensions.swift */ = {isa = PBXFileReference; lastKnownFileType = sourcecode.swift; path = "Patient+Extensions.swift"; sourceTree = "<group>"; };
		2B09E71ADFC62703F2BC8401 /* SyncConflictPropertyTests.swift */ = {isa = PBXFileReference; lastKnownFileType = sourcecode.swift; path = SyncConflictPropertyTests.swift; sourceTree = "<group>"; };
		2E007CE4B8A46FEABCF85AE0 /* WoundRecord+Extensions.swift */ = {isa = PBXFileReference; lastKnownFileType = sourcecode.swift; path = "WoundRecord+Extensions.swift"; sourceTree = "<group>"; };
		30557622A77B9B5775B0BEF3 /* PatientSearchPropertyTests.swift */ = {isa = PBXFileReference; lastKnownFileType = sourcecode.swift; path = PatientSearchPropertyTests.swift; sourceTree = "<group>"; };
		305ACA9092CB14707B5E89B9 /* PatientListView.swift */ = {isa = PBXFileReference; lastKnownFileType = sourcecode.swift; path = PatientListView.swift; sourceTree = "<group>"; };
		3635BF6C709038F9448E2BD6 /* HIPAAExportWarningPropertyTests.swift */ = {isa = PBXFileReference; lastKnownFileType = sourcecode.swift; path = HIPAAExportWarningPropertyTests.swift; sourceTree = "<group>"; };
		375DAED9F93EDD4F41E688C6 /* SecurityManagerPropertyTests.swift */ = {isa = PBXFileReference; lastKnownFileType = sourcecode.swift; path = SecurityManagerPropertyTests.swift; sourceTree = "<group>"; };
		3865E33BDBD99B4116760096 /* SyncManager.swift */ = {isa = PBXFileReference; lastKnownFileType = sourcecode.swift; path = SyncManager.swift; sourceTree = "<group>"; };
		38C24940654E5BBECA53AD4A /* UserRole.swift */ = {isa = PBXFileReference; lastKnownFileType = sourcecode.swift; path = UserRole.swift; sourceTree = "<group>"; };
		39C8A4CE9C35161D58F9135C /* UserManagerTests.swift */ = {isa = PBXFileReference; lastKnownFileType = sourcecode.swift; path = UserManagerTests.swift; sourceTree = "<group>"; };
		3CC3B9910FDBBDC923F7C817 /* CryptoKit.framework */ = {isa = PBXFileReference; lastKnownFileType = wrapper.framework; name = CryptoKit.framework; path = System/Library/Frameworks/CryptoKit.framework; sourceTree = SDKROOT; };
		3D4C1A115AEEA1397CFC075A /* PersistenceControllerTests.swift */ = {isa = PBXFileReference; lastKnownFileType = sourcecode.swift; path = PersistenceControllerTests.swift; sourceTree = "<group>"; };
		3E61987DEF8EDE4B66841126 /* CaptureSessionManager.swift */ = {isa = PBXFileReference; lastKnownFileType = sourcecode.swift; path = CaptureSessionManager.swift; sourceTree = "<group>"; };
		3E9077F217A92B523915FB22 /* SyncStatusUIPropertyTests.swift */ = {isa = PBXFileReference; lastKnownFileType = sourcecode.swift; path = SyncStatusUIPropertyTests.swift; sourceTree = "<group>"; };
		3EA06BB7CAE65A1D040FED5B /* CoreDataEntityExtensionsTests.swift */ = {isa = PBXFileReference; lastKnownFileType = sourcecode.swift; path = CoreDataEntityExtensionsTests.swift; sourceTree = "<group>"; };
		4104548B513344D3752706AC /* MultiFormatExportPropertyTests.swift */ = {isa = PBXFileReference; lastKnownFileType = sourcecode.swift; path = MultiFormatExportPropertyTests.swift; sourceTree = "<group>"; };
		4A63FC4B50B3E3CBF7C949F5 /* PDFKit.framework */ = {isa = PBXFileReference; lastKnownFileType = wrapper.framework; name = PDFKit.framework; path = System/Library/Frameworks/PDFKit.framework; sourceTree = SDKROOT; };
		4E856ABF6A849224AD91EFDC /* Measurement+Extensions.swift */ = {isa = PBXFileReference; lastKnownFileType = sourcecode.swift; path = "Measurement+Extensions.swift"; sourceTree = "<group>"; };
		4FB5BF9E4627CB7BE8CDED55 /* WoundBoundary.swift */ = {isa = PBXFileReference; lastKnownFileType = sourcecode.swift; path = WoundBoundary.swift; sourceTree = "<group>"; };
		514629B1180CBD97F5C46B15 /* WoundDetectionServiceTests.swift */ = {isa = PBXFileReference; lastKnownFileType = sourcecode.swift; path = WoundDetectionServiceTests.swift; sourceTree = "<group>"; };
		528A2FA5C4D755BBCB37BBD3 /* PatientManager.swift */ = {isa = PBXFileReference; lastKnownFileType = sourcecode.swift; path = PatientManager.swift; sourceTree = "<group>"; };
		58A39E121149DE58CCABD577 /* CameraTypes.swift */ = {isa = PBXFileReference; lastKnownFileType = sourcecode.swift; path = CameraTypes.swift; sourceTree = "<group>"; };
		5E15647FDA1FF5FECB185DF7 /* PatientManagerTests.swift */ = {isa = PBXFileReference; lastKnownFileType = sourcecode.swift; path = PatientManagerTests.swift; sourceTree = "<group>"; };
		68FD1674ABFDC454E6F0D424 /* DataIntegrityPropertyTests.swift */ = {isa = PBXFileReference; lastKnownFileType = sourcecode.swift; path = DataIntegrityPropertyTests.swift; sourceTree = "<group>"; };
		691BF9979212AA4069FA060B /* MeasurementPropertyTests.swift */ = {isa = PBXFileReference; lastKnownFileType = sourcecode.swift; path = MeasurementPropertyTests.swift; sourceTree = "<group>"; };
		6CEA2955822A64E3493E7CDF /* en */ = {isa = PBXFileReference; lastKnownFileType = text.plist.strings; name = en; path = en.lproj/Localizable.strings; sourceTree = "<group>"; };
		6DE1982DD9305D592AC5DD6E /* FileStorageManagerTests.swift */ = {isa = PBXFileReference; lastKnownFileType = sourcecode.swift; path = FileStorageManagerTests.swift; sourceTree = "<group>"; };
		7087AF21AC82EBA8DED0CAAF /* CloudKitSyncPropertyTests.swift */ = {isa = PBXFileReference; lastKnownFileType = sourcecode.swift; path = CloudKitSyncPropertyTests.swift; sourceTree = "<group>"; };
		70E18317740869D70B34DE7F /* CameraManager.swift */ = {isa = PBXFileReference; lastKnownFileType = sourcecode.swift; path = CameraManager.swift; sourceTree = "<group>"; };
		71053B481F683EA334D5F032 /* TimelineChronologicalOrderPropertyTests.swift */ = {isa = PBXFileReference; lastKnownFileType = sourcecode.swift; path = TimelineChronologicalOrderPropertyTests.swift; sourceTree = "<group>"; };
		71DA09D5DB08316DA0C02675 /* TimelineView.swift */ = {isa = PBXFileReference; lastKnownFileType = sourcecode.swift; path = TimelineView.swift; sourceTree = "<group>"; };
		721B8A2067ABB8CBD19736F2 /* StorageManagementView.swift */ = {isa = PBXFileReference; lastKnownFileType = sourcecode.swift; path = StorageManagementView.swift; sourceTree = "<group>"; };
		72B239A9A443C26B784B6D63 /* PatientRecordDisplayPropertyTests.swift */ = {isa = PBXFileReference; lastKnownFileType = sourcecode.swift; path = PatientRecordDisplayPropertyTests.swift; sourceTree = "<group>"; };
		7453578E3ED202ED024F310C /* SecurityManagerTests.swift */ = {isa = PBXFileReference; lastKnownFileType = sourcecode.swift; path = SecurityManagerTests.swift; sourceTree = "<group>"; };
		747A982603A4C6C64C6B381D /* CloudKit.framework */ = {isa = PBXFileReference; lastKnownFileType = wrapper.framework; name = CloudKit.framework; path = System/Library/Frameworks/CloudKit.framework; sourceTree = SDKROOT; };
		76DD846061A580DD69DB4E00 /* ErrorHandler.swift */ = {isa = PBXFileReference; lastKnownFileType = sourcecode.swift; path = ErrorHandler.swift; sourceTree = "<group>"; };
		79A03E3DA6E289DF1B7D2952 /* Security.framework */ = {isa = PBXFileReference; lastKnownFileType = wrapper.framework; name = Security.framework; path = System/Library/Frameworks/Security.framework; sourceTree = SDKROOT; };
		7D75688989AFF0FA6FCB5487 /* PerformanceOptimizer.swift */ = {isa = PBXFileReference; lastKnownFileType = sourcecode.swift; path = PerformanceOptimizer.swift; sourceTree = "<group>"; };
		8185F25801E92CEFD8652499 /* WoundSizeChangePropertyTests.swift */ = {isa = PBXFileReference; lastKnownFileType = sourcecode.swift; path = WoundSizeChangePropertyTests.swift; sourceTree = "<group>"; };
		846315941C10729F8DBB1BE3 /* DataAnonymizationPropertyTests.swift */ = {isa = PBXFileReference; lastKnownFileType = sourcecode.swift; path = DataAnonymizationPropertyTests.swift; sourceTree = "<group>"; };
		873AA6A5797EF83E8EA33B17 /* OfflineSyncQueuePropertyTests.swift */ = {isa = PBXFileReference; lastKnownFileType = sourcecode.swift; path = OfflineSyncQueuePropertyTests.swift; sourceTree = "<group>"; };
		887116CAEB2D47FE10D742D2 /* PatientIdentificationPropertyTests.swift */ = {isa = PBXFileReference; lastKnownFileType = sourcecode.swift; path = PatientIdentificationPropertyTests.swift; sourceTree = "<group>"; };
		88A5E8E9B3C87F900E7324CF /* TimelineDateRangeFilteringPropertyTests.swift */ = {isa = PBXFileReference; lastKnownFileType = sourcecode.swift; path = TimelineDateRangeFilteringPropertyTests.swift; sourceTree = "<group>"; };
		899C047C1BC4C4EE8F9AB50F /* DataIntegrityManager.swift */ = {isa = PBXFileReference; lastKnownFileType = sourcecode.swift; path = DataIntegrityManager.swift; sourceTree = "<group>"; };
		8ACD409062A80C28C7CCDF60 /* FileStorageManager.swift */ = {isa = PBXFileReference; lastKnownFileType = sourcecode.swift; path = FileStorageManager.swift; sourceTree = "<group>"; };
		8C066B7128D95B36BD8E9F68 /* CoreML.framework */ = {isa = PBXFileReference; lastKnownFileType = wrapper.framework; name = CoreML.framework; path = System/Library/Frameworks/CoreML.framework; sourceTree = SDKROOT; };
		932C22C1E7D854D20D361C68 /* PersistenceController.swift */ = {isa = PBXFileReference; lastKnownFileType = sourcecode.swift; path = PersistenceController.swift; sourceTree = "<group>"; };
		956BF8C8109F97228EB87449 /* PediLensApp.swift */ = {isa = PBXFileReference; lastKnownFileType = sourcecode.swift; path = PediLensApp.swift; sourceTree = "<group>"; };
		98CBF46A05AC7AFDAF31959B /* MeasurementCalibration.swift */ = {isa = PBXFileReference; lastKnownFileType = sourcecode.swift; path = MeasurementCalibration.swift; sourceTree = "<group>"; };
		992F1DF6A2D750E711BC6399 /* LocalErrorLoggingPropertyTests.swift */ = {isa = PBXFileReference; lastKnownFileType = sourcecode.swift; path = LocalErrorLoggingPropertyTests.swift; sourceTree = "<group>"; };
		9A01B118AF7F31F687868D9D /* WoundRecordCreationPropertyTests.swift */ = {isa = PBXFileReference; lastKnownFileType = sourcecode.swift; path = WoundRecordCreationPropertyTests.swift; sourceTree = "<group>"; };
		9AAFBDA137DEA3DD4B572623 /* WoundRecordDeletionPropertyTests.swift */ = {isa = PBXFileReference; lastKnownFileType = sourcecode.swift; path = WoundRecordDeletionPropertyTests.swift; sourceTree = "<group>"; };
		9BE33545B99AFE50B6578997 /* CameraMultiFormatPropertyTests.swift */ = {isa = PBXFileReference; lastKnownFileType = sourcecode.swift; path = CameraMultiFormatPropertyTests.swift; sourceTree = "<group>"; };
		9BFED549962510BDF31A82BD /* CoreDataOfflinePropertyTests.swift */ = {isa = PBXFileReference; lastKnownFileType = sourcecode.swift; path = CoreDataOfflinePropertyTests.swift; sourceTree = "<group>"; };
		9CF02566AA2D38A75B173635 /* PatientRecordFilteringPropertyTests.swift */ = {isa = PBXFileReference; lastKnownFileType = sourcecode.swift; path = PatientRecordFilteringPropertyTests.swift; sourceTree = "<group>"; };
		9D02041AAE18F9C41344CDC3 /* PediLensTests.xctest */ = {isa = PBXFileReference; includeInIndex = 0; lastKnownFileType = file; name = PediLensTests.xctest; path = PediLens.xctest; sourceTree = BUILT_PRODUCTS_DIR; };
		9E1E6554061CF6503D9769A7 /* Note+Extensions.swift */ = {isa = PBXFileReference; lastKnownFileType = sourcecode.swift; path = "Note+Extensions.swift"; sourceTree = "<group>"; };
		A2B93176449139EFA1D1AC3F /* User+Extensions.swift */ = {isa = PBXFileReference; lastKnownFileType = sourcecode.swift; path = "User+Extensions.swift"; sourceTree = "<group>"; };
		A3B54A53E3BA41099F1A938F /* CameraManualControlsTests.swift */ = {isa = PBXFileReference; lastKnownFileType = sourcecode.swift; path = CameraManualControlsTests.swift; sourceTree = "<group>"; };
		A65C9D40AFA26DD36B9C3E95 /* WoundDetectionPropertyTests.swift */ = {isa = PBXFileReference; lastKnownFileType = sourcecode.swift; path = WoundDetectionPropertyTests.swift; sourceTree = "<group>"; };
		A838F24249AAEAC5CBE5E4E7 /* SyncConflictView.swift */ = {isa = PBXFileReference; lastKnownFileType = sourcecode.swift; path = SyncConflictView.swift; sourceTree = "<group>"; };
		AAE51C5953A2EDEB530652A4 /* Assets.xcassets */ = {isa = PBXFileReference; lastKnownFileType = folder.assetcatalog; path = Assets.xcassets; sourceTree = "<group>"; };
		AAF257B5B484DBCEE4E55427 /* UserManager.swift */ = {isa = PBXFileReference; lastKnownFileType = sourcecode.swift; path = UserManager.swift; sourceTree = "<group>"; };
		AC82D786B78DDD34057299C8 /* LocalAuthentication.framework */ = {isa = PBXFileReference; lastKnownFileType = wrapper.framework; name = LocalAuthentication.framework; path = System/Library/Frameworks/LocalAuthentication.framework; sourceTree = SDKROOT; };
		AC8F4375E7BB2B11E983FA70 /* PatientDetailView.swift */ = {isa = PBXFileReference; lastKnownFileType = sourcecode.swift; path = PatientDetailView.swift; sourceTree = "<group>"; };
		B11F2912A861AC5236226736 /* CameraMaxResolutionPropertyTests.swift */ = {isa = PBXFileReference; lastKnownFileType = sourcecode.swift; path = CameraMaxResolutionPropertyTests.swift; sourceTree = "<group>"; };
		B14A13950B8F8FBDABA0C091 /* CoreLocation.framework */ = {isa = PBXFileReference; lastKnownFileType = wrapper.framework; name = CoreLocation.framework; path = System/Library/Frameworks/CoreLocation.framework; sourceTree = SDKROOT; };
		B3643D0A206447D9AA3B9C13 /* UserRolePropertyTests.swift */ = {isa = PBXFileReference; lastKnownFileType = sourcecode.swift; path = UserRolePropertyTests.swift; sourceTree = "<group>"; };
		B3BBA917493E2173FD2D176E /* CameraHDRPropertyTests.swift */ = {isa = PBXFileReference; lastKnownFileType = sourcecode.swift; path = CameraHDRPropertyTests.swift; sourceTree = "<group>"; };
		B456FBFE09FF1B26571490FD /* CoreData.framework */ = {isa = PBXFileReference; lastKnownFileType = wrapper.framework; name = CoreData.framework; path = System/Library/Frameworks/CoreData.framework; sourceTree = SDKROOT; };
		B4D7F6C191BDA8A68917FD09 /* PatientCaptureManager.swift */ = {isa = PBXFileReference; lastKnownFileType = sourcecode.swift; path = PatientCaptureManager.swift; sourceTree = "<group>"; };
		B6E518F7C25DB3110238D316 /* AVFoundation.framework */ = {isa = PBXFileReference; lastKnownFileType = wrapper.framework; name = AVFoundation.framework; path = System/Library/Frameworks/AVFoundation.framework; sourceTree = SDKROOT; };
		BA88FDB4C8744BF23C63EA8B /* ExportManager.swift */ = {isa = PBXFileReference; lastKnownFileType = sourcecode.swift; path = ExportManager.swift; sourceTree = "<group>"; };
		BA8DB0134FEAEB5F0D6B4BB3 /* UncalibratedMeasurementWarning.swift */ = {isa = PBXFileReference; lastKnownFileType = sourcecode.swift; path = UncalibratedMeasurementWarning.swift; sourceTree = "<group>"; };
		C105D781E00C00030C27679C /* SecurityManager.swift */ = {isa = PBXFileReference; lastKnownFileType = sourcecode.swift; path = SecurityManager.swift; sourceTree = "<group>"; };
		C29F5FC8264E2813A9CF949D /* CaptureSessionLocationPropertyTests.swift */ = {isa = PBXFileReference; lastKnownFileType = sourcecode.swift; path = CaptureSessionLocationPropertyTests.swift; sourceTree = "<group>"; };
		C2C231C6CDF9B5FC03EBCE79 /* ContentView.swift */ = {isa = PBXFileReference; lastKnownFileType = sourcecode.swift; path = ContentView.swift; sourceTree = "<group>"; };
		C3EC3B5F378C1F356D449F77 /* PediLens.entitlements */ = {isa = PBXFileReference; lastKnownFileType = text.plist.entitlements; path = PediLens.entitlements; sourceTree = "<group>"; };
		C9EC5E3850FFF6D076E7735B /* CaptureSessionManagerTests.swift */ = {isa = PBXFileReference; lastKnownFileType = sourcecode.swift; path = CaptureSessionManagerTests.swift; sourceTree = "<group>"; };
		CA4875736916D960315B9C96 /* RoleSelectionView.swift */ = {isa = PBXFileReference; lastKnownFileType = sourcecode.swift; path = RoleSelectionView.swift; sourceTree = "<group>"; };
		CF53FAC258AB490DBE2EBAD1 /* Localization.swift */ = {isa = PBXFileReference; lastKnownFileType = sourcecode.swift; path = Localization.swift; sourceTree = "<group>"; };
		D0E290A23F064A18717FDEB8 /* AccessibilityHelpers.swift */ = {isa = PBXFileReference; lastKnownFileType = sourcecode.swift; path = AccessibilityHelpers.swift; sourceTree = "<group>"; };
		D4F5E47555A4ECD04A5AECCE /* WoundManagerTests.swift */ = {isa = PBXFileReference; lastKnownFileType = sourcecode.swift; path = WoundManagerTests.swift; sourceTree = "<group>"; };
		DA893F2D78936D1AC9FE801F /* LocalOnlySyncPropertyTests.swift */ = {isa = PBXFileReference; lastKnownFileType = sourcecode.swift; path = LocalOnlySyncPropertyTests.swift; sourceTree = "<group>"; };
		DC7B2C142F95913AF8F38ADA /* ExportPackageCreationPropertyTests.swift */ = {isa = PBXFileReference; lastKnownFileType = sourcecode.swift; path = ExportPackageCreationPropertyTests.swift; sourceTree = "<group>"; };
		E16A0373D9ADEEB1607F614E /* ErrorLogger.swift */ = {isa = PBXFileReference; lastKnownFileType = sourcecode.swift; path = ErrorLogger.swift; sourceTree = "<group>"; };
		E2F3BEC8AFACA28C967E64AE /* TimelineEntryCompletenessPropertyTests.swift */ = {isa = PBXFileReference; lastKnownFileType = sourcecode.swift; path = TimelineEntryCompletenessPropertyTests.swift; sourceTree = "<group>"; };
		E659D998C9CC36633EA64393 /* PatientSelectionView.swift */ = {isa = PBXFileReference; lastKnownFileType = sourcecode.swift; path = PatientSelectionView.swift; sourceTree = "<group>"; };
		E7E2FADA34EE12CBC837578E /* PediLens.app */ = {isa = PBXFileReference; explicitFileType = wrapper.application; includeInIndex = 0; path = PediLens.app; sourceTree = BUILT_PRODUCTS_DIR; };
		EB0BA0F646223B3589404665 /* CameraManagerTests.swift */ = {isa = PBXFileReference; lastKnownFileType = sourcecode.swift; path = CameraManagerTests.swift; sourceTree = "<group>"; };
		F234891FA87BCF433E791F5B /* WoundManager.swift */ = {isa = PBXFileReference; lastKnownFileType = sourcecode.swift; path = WoundManager.swift; sourceTree = "<group>"; };
		F60F81F64E4F3E38DCD24C7E /* PediLens.xcdatamodel */ = {isa = PBXFileReference; lastKnownFileType = wrapper.xcdatamodel; path = PediLens.xcdatamodel; sourceTree = "<group>"; };
		FF426ED791AF952104B3E7FF /* MeasurementManagerTests.swift */ = {isa = PBXFileReference; lastKnownFileType = sourcecode.swift; path = MeasurementManagerTests.swift; sourceTree = "<group>"; };
/* End PBXFileReference section */

/* Begin PBXFrameworksBuildPhase section */
		71CB65C143111154CBE57D44 /* Frameworks */ = {
			isa = PBXFrameworksBuildPhase;
			buildActionMask = 2147483647;
			files = (
				275DF00CE170A7B92A8BF79D /* SwiftCheck in Frameworks */,
			);
			runOnlyForDeploymentPostprocessing = 0;
		};
		FE38F2CC80A4784C0CD1C08C /* Frameworks */ = {
			isa = PBXFrameworksBuildPhase;
			buildActionMask = 2147483647;
			files = (
				AC4E8808C773071FE0467BBF /* CoreData.framework in Frameworks */,
				5942DFEE0A98B587C1DFB4CC /* CloudKit.framework in Frameworks */,
				857CE8C0EF693D9E15585C60 /* Security.framework in Frameworks */,
				12EDF0E39D2B89EF77A5A778 /* LocalAuthentication.framework in Frameworks */,
				BDAB44D6A4767F0A982C98D5 /* CoreLocation.framework in Frameworks */,
				93C87925D306CC65C5102116 /* AVFoundation.framework in Frameworks */,
				CA9DD36CDC5A9E613995C0C5 /* Vision.framework in Frameworks */,
				C8BC6C1A2040DD0060611A49 /* CoreML.framework in Frameworks */,
				54FC41DB113A9D31DE1DE6B7 /* PDFKit.framework in Frameworks */,
				2788D4291EAF9B8C53AC35B4 /* CryptoKit.framework in Frameworks */,
			);
			runOnlyForDeploymentPostprocessing = 0;
		};
/* End PBXFrameworksBuildPhase section */

/* Begin PBXGroup section */
		0B86F08C7310DA043DBBDAA5 /* Storage */ = {
			isa = PBXGroup;
			children = (
				8ACD409062A80C28C7CCDF60 /* FileStorageManager.swift */,
			);
			path = Storage;
			sourceTree = "<group>";
		};
		2639A0C2EFF3588381F2F9F7 /* PediLens */ = {
			isa = PBXGroup;
			children = (
				06B145390FEF159F05FB3CC1 /* Info.plist */,
				C3EC3B5F378C1F356D449F77 /* PediLens.entitlements */,
				956BF8C8109F97228EB87449 /* PediLensApp.swift */,
				3913FED8BFB011CC72CCEEE8 /* Managers */,
				C080AB71BEBBFF6F9BEEF207 /* Models */,
				69158756E8EEF393F6A489C4 /* Resources */,
				4160FC0B39C1E0004F0B3F29 /* Services */,
				0B86F08C7310DA043DBBDAA5 /* Storage */,
				A05C4D7E854B4E10B7E129DA /* Utilities */,
				7241B59312BB8C9E34CA31E0 /* ViewModels */,
				FBCE80B5C9B494FC23EA6455 /* Views */,
			);
			path = PediLens;
			sourceTree = "<group>";
		};
		2B34C044B562AE65D30E54EA /* Frameworks */ = {
			isa = PBXGroup;
			children = (
				B6E518F7C25DB3110238D316 /* AVFoundation.framework */,
				747A982603A4C6C64C6B381D /* CloudKit.framework */,
				B456FBFE09FF1B26571490FD /* CoreData.framework */,
				B14A13950B8F8FBDABA0C091 /* CoreLocation.framework */,
				8C066B7128D95B36BD8E9F68 /* CoreML.framework */,
				3CC3B9910FDBBDC923F7C817 /* CryptoKit.framework */,
				AC82D786B78DDD34057299C8 /* LocalAuthentication.framework */,
				4A63FC4B50B3E3CBF7C949F5 /* PDFKit.framework */,
				79A03E3DA6E289DF1B7D2952 /* Security.framework */,
				131A8064124285A2A10F3F14 /* Vision.framework */,
			);
			name = Frameworks;
			sourceTree = "<group>";
		};
		2D2F60539277056D2F2BF5E1 /* Products */ = {
			isa = PBXGroup;
			children = (
				E7E2FADA34EE12CBC837578E /* PediLens.app */,
				9D02041AAE18F9C41344CDC3 /* PediLensTests.xctest */,
			);
			name = Products;
			sourceTree = "<group>";
		};
		3913FED8BFB011CC72CCEEE8 /* Managers */ = {
			isa = PBXGroup;
			children = (
				70E18317740869D70B34DE7F /* CameraManager.swift */,
				3E61987DEF8EDE4B66841126 /* CaptureSessionManager.swift */,
				BA88FDB4C8744BF23C63EA8B /* ExportManager.swift */,
				2285D950A378D75194A55926 /* MeasurementManager.swift */,
				B4D7F6C191BDA8A68917FD09 /* PatientCaptureManager.swift */,
				528A2FA5C4D755BBCB37BBD3 /* PatientManager.swift */,
				1B9E005E1BAC29CF028E4BD8 /* SecurityManager_README.md */,
				C105D781E00C00030C27679C /* SecurityManager.swift */,
				3865E33BDBD99B4116760096 /* SyncManager.swift */,
				AAF257B5B484DBCEE4E55427 /* UserManager.swift */,
				F234891FA87BCF433E791F5B /* WoundManager.swift */,
			);
			path = Managers;
			sourceTree = "<group>";
		};
		4160FC0B39C1E0004F0B3F29 /* Services */ = {
			isa = PBXGroup;
			children = (
				1F99A6FCFB192E6FD2774723 /* WoundDetectionService.swift */,
			);
			path = Services;
			sourceTree = "<group>";
		};
		69158756E8EEF393F6A489C4 /* Resources */ = {
			isa = PBXGroup;
			children = (
				AAE51C5953A2EDEB530652A4 /* Assets.xcassets */,
				31CC1434BB8F77795CD5CF3F /* Localizable.strings */,
			);
			path = Resources;
			sourceTree = "<group>";
		};
		7241B59312BB8C9E34CA31E0 /* ViewModels */ = {
			isa = PBXGroup;
			children = (
				16BB9D3A3FAC6E1BAF9D95DA /* SyncConflictViewModel.swift */,
			);
			path = ViewModels;
			sourceTree = "<group>";
		};
		A05C4D7E854B4E10B7E129DA /* Utilities */ = {
			isa = PBXGroup;
			children = (
				D0E290A23F064A18717FDEB8 /* AccessibilityHelpers.swift */,
				899C047C1BC4C4EE8F9AB50F /* DataIntegrityManager.swift */,
				76DD846061A580DD69DB4E00 /* ErrorHandler.swift */,
				E16A0373D9ADEEB1607F614E /* ErrorLogger.swift */,
				CF53FAC258AB490DBE2EBAD1 /* Localization.swift */,
				7D75688989AFF0FA6FCB5487 /* PerformanceOptimizer.swift */,
			);
			path = Utilities;
			sourceTree = "<group>";
		};
		AA1D4257685B8F4C5E77D3B2 /* PediLensTests */ = {
			isa = PBXGroup;
			children = (
				B3BBA917493E2173FD2D176E /* CameraHDRPropertyTests.swift */,
				EB0BA0F646223B3589404665 /* CameraManagerTests.swift */,
				A3B54A53E3BA41099F1A938F /* CameraManualControlsTests.swift */,
				B11F2912A861AC5236226736 /* CameraMaxResolutionPropertyTests.swift */,
				9BE33545B99AFE50B6578997 /* CameraMultiFormatPropertyTests.swift */,
				C29F5FC8264E2813A9CF949D /* CaptureSessionLocationPropertyTests.swift */,
				C9EC5E3850FFF6D076E7735B /* CaptureSessionManagerTests.swift */,
				16B5905EC9F7E8C8FDE17083 /* CaptureSessionMetadataPropertyTests.swift */,
				0D5CF92288149BD17D918E6B /* CaptureSessionTimestampPropertyTests.swift */,
				7087AF21AC82EBA8DED0CAAF /* CloudKitSyncPropertyTests.swift */,
				3EA06BB7CAE65A1D040FED5B /* CoreDataEntityExtensionsTests.swift */,
				9BFED549962510BDF31A82BD /* CoreDataOfflinePropertyTests.swift */,
				846315941C10729F8DBB1BE3 /* DataAnonymizationPropertyTests.swift */,
				68FD1674ABFDC454E6F0D424 /* DataIntegrityPropertyTests.swift */,
				1FB34C86C993C3C499D95D15 /* DataValidationPropertyTests.swift */,
				DC7B2C142F95913AF8F38ADA /* ExportPackageCreationPropertyTests.swift */,
				6DE1982DD9305D592AC5DD6E /* FileStorageManagerTests.swift */,
				3635BF6C709038F9448E2BD6 /* HIPAAExportWarningPropertyTests.swift */,
				992F1DF6A2D750E711BC6399 /* LocalErrorLoggingPropertyTests.swift */,
				DA893F2D78936D1AC9FE801F /* LocalOnlySyncPropertyTests.swift */,
				FF426ED791AF952104B3E7FF /* MeasurementManagerTests.swift */,
				691BF9979212AA4069FA060B /* MeasurementPropertyTests.swift */,
				4104548B513344D3752706AC /* MultiFormatExportPropertyTests.swift */,
				1D05157E4540FD9082569FB4 /* NoThirdPartyTransmissionPropertyTests.swift */,
				873AA6A5797EF83E8EA33B17 /* OfflineSyncQueuePropertyTests.swift */,
				887116CAEB2D47FE10D742D2 /* PatientIdentificationPropertyTests.swift */,
				5E15647FDA1FF5FECB185DF7 /* PatientManagerTests.swift */,
				72B239A9A443C26B784B6D63 /* PatientRecordDisplayPropertyTests.swift */,
				9CF02566AA2D38A75B173635 /* PatientRecordFilteringPropertyTests.swift */,
				30557622A77B9B5775B0BEF3 /* PatientSearchPropertyTests.swift */,
				3D4C1A115AEEA1397CFC075A /* PersistenceControllerTests.swift */,
				375DAED9F93EDD4F41E688C6 /* SecurityManagerPropertyTests.swift */,
				7453578E3ED202ED024F310C /* SecurityManagerTests.swift */,
				2B09E71ADFC62703F2BC8401 /* SyncConflictPropertyTests.swift */,
				3E9077F217A92B523915FB22 /* SyncStatusUIPropertyTests.swift */,
				71053B481F683EA334D5F032 /* TimelineChronologicalOrderPropertyTests.swift */,
				88A5E8E9B3C87F900E7324CF /* TimelineDateRangeFilteringPropertyTests.swift */,
				E2F3BEC8AFACA28C967E64AE /* TimelineEntryCompletenessPropertyTests.swift */,
				0B155D545FB6B46DAE41EEBC /* UncalibratedMeasurementWarningPropertyTests.swift */,
				39C8A4CE9C35161D58F9135C /* UserManagerTests.swift */,
				B3643D0A206447D9AA3B9C13 /* UserRolePropertyTests.swift */,
				A65C9D40AFA26DD36B9C3E95 /* WoundDetectionPropertyTests.swift */,
				514629B1180CBD97F5C46B15 /* WoundDetectionServiceTests.swift */,
				D4F5E47555A4ECD04A5AECCE /* WoundManagerTests.swift */,
				9A01B118AF7F31F687868D9D /* WoundRecordCreationPropertyTests.swift */,
				9AAFBDA137DEA3DD4B572623 /* WoundRecordDeletionPropertyTests.swift */,
				8185F25801E92CEFD8652499 /* WoundSizeChangePropertyTests.swift */,
			);
			path = PediLensTests;
			sourceTree = "<group>";
		};
		C080AB71BEBBFF6F9BEEF207 /* Models */ = {
			isa = PBXGroup;
			children = (
				58A39E121149DE58CCABD577 /* CameraTypes.swift */,
				0756970C673F50C51296B75F /* CaptureSession+Extensions.swift */,
				4E856ABF6A849224AD91EFDC /* Measurement+Extensions.swift */,
				98CBF46A05AC7AFDAF31959B /* MeasurementCalibration.swift */,
				9E1E6554061CF6503D9769A7 /* Note+Extensions.swift */,
				232ABE2DEF00DCA183A4C339 /* Patient+Extensions.swift */,
				B328E2110CE00F916EE7E722 /* PediLens.xcdatamodeld */,
				932C22C1E7D854D20D361C68 /* PersistenceController.swift */,
				A2B93176449139EFA1D1AC3F /* User+Extensions.swift */,
				38C24940654E5BBECA53AD4A /* UserRole.swift */,
				4FB5BF9E4627CB7BE8CDED55 /* WoundBoundary.swift */,
				2E007CE4B8A46FEABCF85AE0 /* WoundRecord+Extensions.swift */,
			);
			path = Models;
			sourceTree = "<group>";
		};
		F692D67CCEC785A7F7103616 = {
			isa = PBXGroup;
			children = (
				2639A0C2EFF3588381F2F9F7 /* PediLens */,
				AA1D4257685B8F4C5E77D3B2 /* PediLensTests */,
				2B34C044B562AE65D30E54EA /* Frameworks */,
				2D2F60539277056D2F2BF5E1 /* Products */,
			);
			sourceTree = "<group>";
		};
		FBCE80B5C9B494FC23EA6455 /* Views */ = {
			isa = PBXGroup;
			children = (
				C2C231C6CDF9B5FC03EBCE79 /* ContentView.swift */,
				AC8F4375E7BB2B11E983FA70 /* PatientDetailView.swift */,
				305ACA9092CB14707B5E89B9 /* PatientListView.swift */,
				E659D998C9CC36633EA64393 /* PatientSelectionView.swift */,
				CA4875736916D960315B9C96 /* RoleSelectionView.swift */,
				721B8A2067ABB8CBD19736F2 /* StorageManagementView.swift */,
				A838F24249AAEAC5CBE5E4E7 /* SyncConflictView.swift */,
				0EE86407FFD8094FFD87D55C /* SyncStatusView.swift */,
				71DA09D5DB08316DA0C02675 /* TimelineView.swift */,
				BA8DB0134FEAEB5F0D6B4BB3 /* UncalibratedMeasurementWarning.swift */,
			);
			path = Views;
			sourceTree = "<group>";
		};
/* End PBXGroup section */

/* Begin PBXNativeTarget section */
		383F30C6AE84B038A145052F /* PediLensTests */ = {
			isa = PBXNativeTarget;
			buildConfigurationList = FCBE55BC4B53A82A92B1032C /* Build configuration list for PBXNativeTarget "PediLensTests" */;
			buildPhases = (
				F92923C1D6DFA41F10642167 /* Sources */,
				71CB65C143111154CBE57D44 /* Frameworks */,
			);
			buildRules = (
			);
			dependencies = (
				44C09E29FEEB9F4A6A1903F0 /* PBXTargetDependency */,
			);
			name = PediLensTests;
			packageProductDependencies = (
				52DDE502C8909D441B1A9C3E /* SwiftCheck */,
			);
			productName = PediLensTests;
			productReference = 9D02041AAE18F9C41344CDC3 /* PediLensTests.xctest */;
			productType = "com.apple.product-type.bundle.unit-test";
		};
		C2F0CC89CAC24C09293DD05F /* PediLens */ = {
			isa = PBXNativeTarget;
			buildConfigurationList = D63094998D668914F37AB17B /* Build configuration list for PBXNativeTarget "PediLens" */;
			buildPhases = (
				BB757BC57EC08BCE3C6E1455 /* Sources */,
				8F801581DB645870265F3F23 /* Resources */,
				FE38F2CC80A4784C0CD1C08C /* Frameworks */,
			);
			buildRules = (
			);
			dependencies = (
			);
			name = PediLens;
			packageProductDependencies = (
			);
			productName = PediLens;
			productReference = E7E2FADA34EE12CBC837578E /* PediLens.app */;
			productType = "com.apple.product-type.application";
		};
/* End PBXNativeTarget section */

/* Begin PBXProject section */
		EDE99034BED6D3132C8B51E8 /* Project object */ = {
			isa = PBXProject;
			attributes = {
				BuildIndependentTargetsInParallel = YES;
				LastUpgradeCheck = 1430;
			};
			buildConfigurationList = BBE2BC88F4930B357DAF5988 /* Build configuration list for PBXProject "PediLens" */;
			compatibilityVersion = "Xcode 14.0";
			developmentRegion = en;
			hasScannedForEncodings = 0;
			knownRegions = (
				Base,
				en,
			);
			mainGroup = F692D67CCEC785A7F7103616;
			minimizedProjectReferenceProxies = 1;
			packageReferences = (
				373811BD5FFB871471CE20D0 /* XCRemoteSwiftPackageReference "SwiftCheck" */,
			);
			projectDirPath = "";
			projectRoot = "";
			targets = (
				C2F0CC89CAC24C09293DD05F /* PediLens */,
				383F30C6AE84B038A145052F /* PediLensTests */,
			);
		};
/* End PBXProject section */

/* Begin PBXResourcesBuildPhase section */
		8F801581DB645870265F3F23 /* Resources */ = {
			isa = PBXResourcesBuildPhase;
			buildActionMask = 2147483647;
			files = (
				4439430C7131442AA4832243 /* Assets.xcassets in Resources */,
				E4C0E614DA46937CDAFE9510 /* Localizable.strings in Resources */,
				F4DFB2C279F6C41AE3896396 /* SecurityManager_README.md in Resources */,
			);
			runOnlyForDeploymentPostprocessing = 0;
		};
/* End PBXResourcesBuildPhase section */

/* Begin PBXSourcesBuildPhase section */
		BB757BC57EC08BCE3C6E1455 /* Sources */ = {
			isa = PBXSourcesBuildPhase;
			buildActionMask = 2147483647;
			files = (
				ED9B8011AB81D533FAC8BF95 /* AccessibilityHelpers.swift in Sources */,
				36B0F80E220A34318F01E352 /* CameraManager.swift in Sources */,
				1E3ACC803CDDACE3194A7C0E /* CameraTypes.swift in Sources */,
				2EBEE5B1F60CE6C00816FE2D /* CaptureSession+Extensions.swift in Sources */,
				6EA0486E22B56DA88409AD10 /* CaptureSessionManager.swift in Sources */,
				6B1B746CE9356E56DC161667 /* ContentView.swift in Sources */,
				E6C048D4F5AAA4C1CF8A3565 /* DataIntegrityManager.swift in Sources */,
				FE96F586F4090DD871A57543 /* ErrorHandler.swift in Sources */,
				C050EF9B98433C6C33957200 /* ErrorLogger.swift in Sources */,
				97967C9C720E9E68FCE5D4CE /* ExportManager.swift in Sources */,
				1A80893888B5BE2A541EC533 /* FileStorageManager.swift in Sources */,
				E6226C478F5F3A6D6574DFF7 /* Localization.swift in Sources */,
				F085ADDB917ADDCFB06878DF /* Measurement+Extensions.swift in Sources */,
				A1A88D33E92E5AD54E75A93F /* MeasurementCalibration.swift in Sources */,
				51310AED5828AD5774F13546 /* MeasurementManager.swift in Sources */,
				92F8D2C5F8BD90C3174444A2 /* Note+Extensions.swift in Sources */,
				978FC7C77FA272DAFAE5F0AE /* Patient+Extensions.swift in Sources */,
				0EE5C78D8E4792174C55BA65 /* PatientCaptureManager.swift in Sources */,
				257E24020AB1DA2373BB8885 /* PatientDetailView.swift in Sources */,
				6E8F32F38B499DD28E8DBA20 /* PatientListView.swift in Sources */,
				3D791313C813D29DD3B9E596 /* PatientManager.swift in Sources */,
				48B1B3E2D94EE933DE7230D1 /* PatientSelectionView.swift in Sources */,
				E41783CEB8BBEE484D4E070D /* PediLens.xcdatamodeld in Sources */,
				44643D092AC0D28E85C9E3DA /* PediLensApp.swift in Sources */,
				2E9D82BA5DC2C0FC74DD9EA4 /* PerformanceOptimizer.swift in Sources */,
				99999F92009DE86566CFA65B /* PersistenceController.swift in Sources */,
				D804CA353FBCAC647E263854 /* RoleSelectionView.swift in Sources */,
				251F42890D0C4B0CE19A89E6 /* SecurityManager.swift in Sources */,
				D40D9C942D7C7E9B97BF1D77 /* StorageManagementView.swift in Sources */,
				7A91F5E530DF2F6BCFE48977 /* SyncConflictView.swift in Sources */,
				5EF147DCF08D3FDF8A0C564C /* SyncConflictViewModel.swift in Sources */,
				2A2E0B4BC7E958B79F2C779C /* SyncManager.swift in Sources */,
				B2066A0C3E1950DED110FCC6 /* SyncStatusView.swift in Sources */,
				60663285C6571C4C772F11A7 /* TimelineView.swift in Sources */,
				E245C2FDD222631B180472E3 /* UncalibratedMeasurementWarning.swift in Sources */,
				3DA5E03E77364ADEFD846080 /* User+Extensions.swift in Sources */,
				62E291E71DC08B557D9E6F50 /* UserManager.swift in Sources */,
				63662FD7DB7621DA6B1B66DF /* UserRole.swift in Sources */,
				0E0B4A325DD22D2A0681CD1F /* WoundBoundary.swift in Sources */,
				5387EA8E621FA83FC05EF7BD /* WoundDetectionService.swift in Sources */,
				559E5DBEE5314AFA2F843CA8 /* WoundManager.swift in Sources */,
				0238DAAB3C0EFBA6A120277E /* WoundRecord+Extensions.swift in Sources */,
			);
			runOnlyForDeploymentPostprocessing = 0;
		};
		F92923C1D6DFA41F10642167 /* Sources */ = {
			isa = PBXSourcesBuildPhase;
			buildActionMask = 2147483647;
			files = (
				A3294E8904F718259A1AF5DC /* CameraHDRPropertyTests.swift in Sources */,
				D8E2AA7899D7A3A59F357B50 /* CameraManagerTests.swift in Sources */,
				1F7911D4C92FE91F50A6D335 /* CameraManualControlsTests.swift in Sources */,
				D54F2762F2D0BB094B08840B /* CameraMaxResolutionPropertyTests.swift in Sources */,
				856EE1E745C36CF1F5F67696 /* CameraMultiFormatPropertyTests.swift in Sources */,
				EB88056376213623B776EC37 /* CaptureSessionLocationPropertyTests.swift in Sources */,
				FCF7EE0950BF0B664D56EC21 /* CaptureSessionManagerTests.swift in Sources */,
				F71B415C585297CB8DABCCC3 /* CaptureSessionMetadataPropertyTests.swift in Sources */,
				6D37BFF72C085DC20A710D4E /* CaptureSessionTimestampPropertyTests.swift in Sources */,
				BFC665D03469161A23DFE80F /* CloudKitSyncPropertyTests.swift in Sources */,
				7A05D091EAE6BA37C3F1846A /* CoreDataEntityExtensionsTests.swift in Sources */,
				899160DDAF9A5AEEF611A471 /* CoreDataOfflinePropertyTests.swift in Sources */,
				9371AB884DCCFEE70E27C1E9 /* DataAnonymizationPropertyTests.swift in Sources */,
				C642491CF59FAA993C03E601 /* DataIntegrityPropertyTests.swift in Sources */,
				B665DC51B30C7F19A4B48DC5 /* DataValidationPropertyTests.swift in Sources */,
				C714186618F37B09A44D4145 /* ExportPackageCreationPropertyTests.swift in Sources */,
				176F7A1D386307A89D085D68 /* FileStorageManagerTests.swift in Sources */,
				F07971FF72AA52FA37B37921 /* HIPAAExportWarningPropertyTests.swift in Sources */,
				9D9DAFC5F2674C7EA00E009E /* LocalErrorLoggingPropertyTests.swift in Sources */,
				A236F89CA74D23994982CE15 /* LocalOnlySyncPropertyTests.swift in Sources */,
				8D3777F018A4875843C77603 /* MeasurementManagerTests.swift in Sources */,
				6ED65E81BFB16EDE42DCC3FA /* MeasurementPropertyTests.swift in Sources */,
				6042CDB7F83E2F8983099124 /* MultiFormatExportPropertyTests.swift in Sources */,
				9D04385851451FB0415E00D4 /* NoThirdPartyTransmissionPropertyTests.swift in Sources */,
				BE13163BF75EFF6D7D35A536 /* OfflineSyncQueuePropertyTests.swift in Sources */,
				F7AAFC7CC1747F0D17BEEFF0 /* PatientIdentificationPropertyTests.swift in Sources */,
				7E3934903DA0A36D9C2BAEE9 /* PatientManagerTests.swift in Sources */,
				1E8C436BA2267A59A885D3B7 /* PatientRecordDisplayPropertyTests.swift in Sources */,
				748969EB247735E0BF540F14 /* PatientRecordFilteringPropertyTests.swift in Sources */,
				A8714A95A837CCD0A7775837 /* PatientSearchPropertyTests.swift in Sources */,
				A91C423C9E248BCAEFFBD49C /* PersistenceControllerTests.swift in Sources */,
				146F47BFE2FBA850DAD5FDCC /* SecurityManagerPropertyTests.swift in Sources */,
				F7508465488212A288868121 /* SecurityManagerTests.swift in Sources */,
				A6D2BCD4CB0CDE0BB58C45CD /* SyncConflictPropertyTests.swift in Sources */,
				DBEEAF9B9D1D5F44750AA8E3 /* SyncStatusUIPropertyTests.swift in Sources */,
				1BAB97EC2F89B3F51E1F837E /* TimelineChronologicalOrderPropertyTests.swift in Sources */,
				EBB86759B277EFA950FA66EE /* TimelineDateRangeFilteringPropertyTests.swift in Sources */,
				DDDB6A96003F904DB34A51DC /* TimelineEntryCompletenessPropertyTests.swift in Sources */,
				46C4EB13C2AA99A8367E8B84 /* UncalibratedMeasurementWarningPropertyTests.swift in Sources */,
				806EED8E63F7E39C4F510E86 /* UserManagerTests.swift in Sources */,
				CEC6855AB7A01D322EA8E795 /* UserRolePropertyTests.swift in Sources */,
				11EE8CF6C366BB0D3A96FF0E /* WoundDetectionPropertyTests.swift in Sources */,
				502791E87FFCD163F91E80B9 /* WoundDetectionServiceTests.swift in Sources */,
				909BA843479D0C2DEBEC5C16 /* WoundManagerTests.swift in Sources */,
				F784771B4630C1272F930770 /* WoundRecordCreationPropertyTests.swift in Sources */,
				F07E6C78DAFC9E09119FDD8B /* WoundRecordDeletionPropertyTests.swift in Sources */,
				88DD43A2A60E1CAA20A354F1 /* WoundSizeChangePropertyTests.swift in Sources */,
			);
			runOnlyForDeploymentPostprocessing = 0;
		};
/* End PBXSourcesBuildPhase section */

/* Begin PBXTargetDependency section */
		44C09E29FEEB9F4A6A1903F0 /* PBXTargetDependency */ = {
			isa = PBXTargetDependency;
			target = C2F0CC89CAC24C09293DD05F /* PediLens */;
			targetProxy = A194D8E35EF7973A6E2BAB69 /* PBXContainerItemProxy */;
		};
/* End PBXTargetDependency section */

/* Begin PBXVariantGroup section */
		31CC1434BB8F77795CD5CF3F /* Localizable.strings */ = {
			isa = PBXVariantGroup;
			children = (
				6CEA2955822A64E3493E7CDF /* en */,
			);
			name = Localizable.strings;
			sourceTree = "<group>";
		};
/* End PBXVariantGroup section */

/* Begin XCBuildConfiguration section */
		0DCE0897018470EEC27A4842 /* Debug */ = {
			isa = XCBuildConfiguration;
			buildSettings = {
				ALWAYS_EMBED_SWIFT_STANDARD_LIBRARIES = YES;
				BUNDLE_LOADER = "$(TEST_HOST)";
				DEFINES_MODULE = NO;
				LD_RUNPATH_SEARCH_PATHS = (
					"$(inherited)",
					"@executable_path/Frameworks",
					"@loader_path/Frameworks",
				);
				PRODUCT_BUNDLE_IDENTIFIER = com.pedilens.app.tests;
				SDKROOT = iphoneos;
				SWIFT_COMPILATION_MODE = wholemodule;
				SWIFT_EMIT_LOC_STRINGS = NO;
				SWIFT_EMIT_MODULE_INTERFACE = NO;
				SWIFT_ENABLE_EMIT_CONST_VALUES = NO;
				SWIFT_ENABLE_LIBRARY_EVOLUTION = NO;
				SWIFT_INSTALL_OBJC_HEADER = NO;
				SWIFT_MODULE_NAME = PediLensTests;
				SWIFT_OBJC_INTERFACE_HEADER_NAME = "";
				TARGETED_DEVICE_FAMILY = "1,2";
				TEST_HOST = "$(BUILT_PRODUCTS_DIR)/PediLens.app/$(BUNDLE_EXECUTABLE_FOLDER_PATH)/PediLens";
			};
			name = Debug;
		};
		6255A739830EA1FFD10E5FFC /* Release */ = {
			isa = XCBuildConfiguration;
			buildSettings = {
				ALLOW_TARGET_PLATFORM_SPECIALIZATION = YES;
				ALWAYS_SEARCH_USER_PATHS = NO;
				ASSETCATALOG_COMPILER_APPICON_NAME = AppIcon;
				ASSETCATALOG_COMPILER_GLOBAL_ACCENT_COLOR_NAME = AccentColor;
				CLANG_ANALYZER_NONNULL = YES;
				CLANG_ANALYZER_NUMBER_OBJECT_CONVERSION = YES_AGGRESSIVE;
				CLANG_CXX_LANGUAGE_STANDARD = "gnu++14";
				CLANG_CXX_LIBRARY = "libc++";
				CLANG_ENABLE_MODULES = YES;
				CLANG_ENABLE_OBJC_ARC = YES;
				CLANG_ENABLE_OBJC_WEAK = YES;
				CLANG_WARN_BLOCK_CAPTURE_AUTORELEASING = YES;
				CLANG_WARN_BOOL_CONVERSION = YES;
				CLANG_WARN_COMMA = YES;
				CLANG_WARN_CONSTANT_CONVERSION = YES;
				CLANG_WARN_DEPRECATED_OBJC_IMPLEMENTATIONS = YES;
				CLANG_WARN_DIRECT_OBJC_ISA_USAGE = YES_ERROR;
				CLANG_WARN_DOCUMENTATION_COMMENTS = YES;
				CLANG_WARN_EMPTY_BODY = YES;
				CLANG_WARN_ENUM_CONVERSION = YES;
				CLANG_WARN_INFINITE_RECURSION = YES;
				CLANG_WARN_INT_CONVERSION = YES;
				CLANG_WARN_NON_LITERAL_NULL_CONVERSION = YES;
				CLANG_WARN_OBJC_IMPLICIT_RETAIN_SELF = YES;
				CLANG_WARN_OBJC_LITERAL_CONVERSION = YES;
				CLANG_WARN_OBJC_ROOT_CLASS = YES_ERROR;
				CLANG_WARN_QUOTED_INCLUDE_IN_FRAMEWORK_HEADER = YES;
				CLANG_WARN_RANGE_LOOP_ANALYSIS = YES;
				CLANG_WARN_STRICT_PROTOTYPES = YES;
				CLANG_WARN_SUSPICIOUS_MOVE = YES;
				CLANG_WARN_UNGUARDED_AVAILABILITY = YES_AGGRESSIVE;
				CLANG_WARN_UNREACHABLE_CODE = YES;
				CLANG_WARN__DUPLICATE_METHOD_MATCH = YES;
				CODE_SIGN_ENTITLEMENTS = PediLens/PediLens.entitlements;
				COPY_PHASE_STRIP = NO;
				DEBUG_INFORMATION_FORMAT = "dwarf-with-dsym";
				ENABLE_BITCODE = NO;
				ENABLE_NS_ASSERTIONS = NO;
				ENABLE_STRICT_OBJC_MSGSEND = YES;
				ENABLE_USER_SCRIPT_SANDBOXING = NO;
				GCC_C_LANGUAGE_STANDARD = gnu11;
				GCC_NO_COMMON_BLOCKS = YES;
				GCC_WARN_64_TO_32_BIT_CONVERSION = YES;
				GCC_WARN_ABOUT_RETURN_TYPE = YES_ERROR;
				GCC_WARN_UNDECLARED_SELECTOR = YES;
				GCC_WARN_UNINITIALIZED_AUTOS = YES_AGGRESSIVE;
				GCC_WARN_UNUSED_FUNCTION = YES;
				GCC_WARN_UNUSED_VARIABLE = YES;
				GENERATE_INFOPLIST_FILE = NO;
				INFOPLIST_FILE = PediLens/Info.plist;
				IPHONEOS_DEPLOYMENT_TARGET = 16.0;
				MTL_ENABLE_DEBUG_INFO = NO;
				MTL_FAST_MATH = YES;
				PRODUCT_BUNDLE_IDENTIFIER = com.pedilens.app;
				PRODUCT_NAME = PediLens;
				SDKROOT = iphoneos;
				SWIFT_COMPILATION_MODE = wholemodule;
				SWIFT_EMIT_LOC_STRINGS = YES;
				SWIFT_EMIT_MODULE_INTERFACE = NO;
				SWIFT_ENABLE_EMIT_CONST_VALUES = NO;
				SWIFT_ENABLE_LIBRARY_EVOLUTION = NO;
				SWIFT_INSTALL_OBJC_HEADER = NO;
				SWIFT_OBJC_INTERFACE_HEADER_NAME = "";
				SWIFT_OPTIMIZATION_LEVEL = "-O";
				SWIFT_VERSION = 5.9;
				TARGETED_DEVICE_FAMILY = "1,2";
			};
			name = Release;
		};
		B86CE0F4A33B1BE8EDA6D2C6 /* Release */ = {
			isa = XCBuildConfiguration;
			buildSettings = {
				ALWAYS_EMBED_SWIFT_STANDARD_LIBRARIES = YES;
				BUNDLE_LOADER = "$(TEST_HOST)";
				DEFINES_MODULE = NO;
				LD_RUNPATH_SEARCH_PATHS = (
					"$(inherited)",
					"@executable_path/Frameworks",
					"@loader_path/Frameworks",
				);
				PRODUCT_BUNDLE_IDENTIFIER = com.pedilens.app.tests;
				SDKROOT = iphoneos;
				SWIFT_COMPILATION_MODE = wholemodule;
				SWIFT_EMIT_LOC_STRINGS = NO;
				SWIFT_EMIT_MODULE_INTERFACE = NO;
				SWIFT_ENABLE_EMIT_CONST_VALUES = NO;
				SWIFT_ENABLE_LIBRARY_EVOLUTION = NO;
				SWIFT_INSTALL_OBJC_HEADER = NO;
				SWIFT_MODULE_NAME = PediLensTests;
				SWIFT_OBJC_INTERFACE_HEADER_NAME = "";
				TARGETED_DEVICE_FAMILY = "1,2";
				TEST_HOST = "$(BUILT_PRODUCTS_DIR)/PediLens.app/$(BUNDLE_EXECUTABLE_FOLDER_PATH)/PediLens";
			};
			name = Release;
		};
		CB5A49AA99E4290470C86F0C /* Debug */ = {
			isa = XCBuildConfiguration;
			buildSettings = {
				ALLOW_TARGET_PLATFORM_SPECIALIZATION = YES;
				ALWAYS_SEARCH_USER_PATHS = NO;
				ASSETCATALOG_COMPILER_APPICON_NAME = AppIcon;
				ASSETCATALOG_COMPILER_GLOBAL_ACCENT_COLOR_NAME = AccentColor;
				CLANG_ANALYZER_NONNULL = YES;
				CLANG_ANALYZER_NUMBER_OBJECT_CONVERSION = YES_AGGRESSIVE;
				CLANG_CXX_LANGUAGE_STANDARD = "gnu++14";
				CLANG_CXX_LIBRARY = "libc++";
				CLANG_ENABLE_MODULES = YES;
				CLANG_ENABLE_OBJC_ARC = YES;
				CLANG_ENABLE_OBJC_WEAK = YES;
				CLANG_WARN_BLOCK_CAPTURE_AUTORELEASING = YES;
				CLANG_WARN_BOOL_CONVERSION = YES;
				CLANG_WARN_COMMA = YES;
				CLANG_WARN_CONSTANT_CONVERSION = YES;
				CLANG_WARN_DEPRECATED_OBJC_IMPLEMENTATIONS = YES;
				CLANG_WARN_DIRECT_OBJC_ISA_USAGE = YES_ERROR;
				CLANG_WARN_DOCUMENTATION_COMMENTS = YES;
				CLANG_WARN_EMPTY_BODY = YES;
				CLANG_WARN_ENUM_CONVERSION = YES;
				CLANG_WARN_INFINITE_RECURSION = YES;
				CLANG_WARN_INT_CONVERSION = YES;
				CLANG_WARN_NON_LITERAL_NULL_CONVERSION = YES;
				CLANG_WARN_OBJC_IMPLICIT_RETAIN_SELF = YES;
				CLANG_WARN_OBJC_LITERAL_CONVERSION = YES;
				CLANG_WARN_OBJC_ROOT_CLASS = YES_ERROR;
				CLANG_WARN_QUOTED_INCLUDE_IN_FRAMEWORK_HEADER = YES;
				CLANG_WARN_RANGE_LOOP_ANALYSIS = YES;
				CLANG_WARN_STRICT_PROTOTYPES = YES;
				CLANG_WARN_SUSPICIOUS_MOVE = YES;
				CLANG_WARN_UNGUARDED_AVAILABILITY = YES_AGGRESSIVE;
				CLANG_WARN_UNREACHABLE_CODE = YES;
				CLANG_WARN__DUPLICATE_METHOD_MATCH = YES;
				CODE_SIGN_ENTITLEMENTS = PediLens/PediLens.entitlements;
				COPY_PHASE_STRIP = NO;
				DEBUG_INFORMATION_FORMAT = dwarf;
				ENABLE_BITCODE = NO;
				ENABLE_STRICT_OBJC_MSGSEND = YES;
				ENABLE_TESTABILITY = YES;
				ENABLE_USER_SCRIPT_SANDBOXING = NO;
				GCC_C_LANGUAGE_STANDARD = gnu11;
				GCC_DYNAMIC_NO_PIC = NO;
				GCC_NO_COMMON_BLOCKS = YES;
				GCC_OPTIMIZATION_LEVEL = 0;
				GCC_PREPROCESSOR_DEFINITIONS = (
					"$(inherited)",
					"DEBUG=1",
				);
				GCC_WARN_64_TO_32_BIT_CONVERSION = YES;
				GCC_WARN_ABOUT_RETURN_TYPE = YES_ERROR;
				GCC_WARN_UNDECLARED_SELECTOR = YES;
				GCC_WARN_UNINITIALIZED_AUTOS = YES_AGGRESSIVE;
				GCC_WARN_UNUSED_FUNCTION = YES;
				GCC_WARN_UNUSED_VARIABLE = YES;
				GENERATE_INFOPLIST_FILE = NO;
				INFOPLIST_FILE = PediLens/Info.plist;
				IPHONEOS_DEPLOYMENT_TARGET = 16.0;
				MTL_ENABLE_DEBUG_INFO = INCLUDE_SOURCE;
				MTL_FAST_MATH = YES;
				ONLY_ACTIVE_ARCH = YES;
				PRODUCT_BUNDLE_IDENTIFIER = com.pedilens.app;
				PRODUCT_NAME = PediLens;
				SDKROOT = iphoneos;
				SWIFT_ACTIVE_COMPILATION_CONDITIONS = DEBUG;
				SWIFT_EMIT_LOC_STRINGS = YES;
				SWIFT_EMIT_MODULE_INTERFACE = NO;
				SWIFT_ENABLE_EMIT_CONST_VALUES = NO;
				SWIFT_ENABLE_LIBRARY_EVOLUTION = NO;
				SWIFT_INSTALL_OBJC_HEADER = NO;
				SWIFT_OBJC_INTERFACE_HEADER_NAME = "";
				SWIFT_OPTIMIZATION_LEVEL = "-Onone";
				SWIFT_VERSION = 5.9;
				TARGETED_DEVICE_FAMILY = "1,2";
			};
			name = Debug;
		};
		DA17A90160FCA928122E0662 /* Debug */ = {
			isa = XCBuildConfiguration;
			buildSettings = {
				ASSETCATALOG_COMPILER_APPICON_NAME = AppIcon;
				CODE_SIGN_ENTITLEMENTS = PediLens/PediLens.entitlements;
				CODE_SIGN_IDENTITY = "iPhone Developer";
				DEVELOPMENT_TEAM = 375V6L2KMV;
				INFOPLIST_FILE = PediLens/Info.plist;
				LD_RUNPATH_SEARCH_PATHS = (
					"$(inherited)",
					"@executable_path/Frameworks",
				);
				PRODUCT_BUNDLE_IDENTIFIER = com.pedilens.app;
				SDKROOT = iphoneos;
				SWIFT_EMIT_LOC_STRINGS = NO;
				SWIFT_EMIT_MODULE_INTERFACE = NO;
				SWIFT_ENABLE_LIBRARY_EVOLUTION = NO;
				TARGETED_DEVICE_FAMILY = "1,2";
			};
			name = Debug;
		};
		EB4A546F316F6047ABB323C7 /* Release */ = {
			isa = XCBuildConfiguration;
			buildSettings = {
				ASSETCATALOG_COMPILER_APPICON_NAME = AppIcon;
				CODE_SIGN_ENTITLEMENTS = PediLens/PediLens.entitlements;
				CODE_SIGN_IDENTITY = "iPhone Developer";
				DEVELOPMENT_TEAM = 375V6L2KMV;
				INFOPLIST_FILE = PediLens/Info.plist;
				LD_RUNPATH_SEARCH_PATHS = (
					"$(inherited)",
					"@executable_path/Frameworks",
				);
				PRODUCT_BUNDLE_IDENTIFIER = com.pedilens.app;
				SDKROOT = iphoneos;
				SWIFT_EMIT_LOC_STRINGS = NO;
				SWIFT_EMIT_MODULE_INTERFACE = NO;
				SWIFT_ENABLE_LIBRARY_EVOLUTION = NO;
				TARGETED_DEVICE_FAMILY = "1,2";
			};
			name = Release;
		};
/* End XCBuildConfiguration section */

/* Begin XCConfigurationList section */
		BBE2BC88F4930B357DAF5988 /* Build configuration list for PBXProject "PediLens" */ = {
			isa = XCConfigurationList;
			buildConfigurations = (
				CB5A49AA99E4290470C86F0C /* Debug */,
				6255A739830EA1FFD10E5FFC /* Release */,
			);
			defaultConfigurationIsVisible = 0;
			defaultConfigurationName = Debug;
		};
		D63094998D668914F37AB17B /* Build configuration list for PBXNativeTarget "PediLens" */ = {
			isa = XCConfigurationList;
			buildConfigurations = (
				DA17A90160FCA928122E0662 /* Debug */,
				EB4A546F316F6047ABB323C7 /* Release */,
			);
			defaultConfigurationIsVisible = 0;
			defaultConfigurationName = Debug;
		};
		FCBE55BC4B53A82A92B1032C /* Build configuration list for PBXNativeTarget "PediLensTests" */ = {
			isa = XCConfigurationList;
			buildConfigurations = (
				0DCE0897018470EEC27A4842 /* Debug */,
				B86CE0F4A33B1BE8EDA6D2C6 /* Release */,
			);
			defaultConfigurationIsVisible = 0;
			defaultConfigurationName = Debug;
		};
/* End XCConfigurationList section */

/* Begin XCRemoteSwiftPackageReference section */
		373811BD5FFB871471CE20D0 /* XCRemoteSwiftPackageReference "SwiftCheck" */ = {
			isa = XCRemoteSwiftPackageReference;
			repositoryURL = "https://github.com/typelift/SwiftCheck.git";
			requirement = {
				kind = upToNextMajorVersion;
				minimumVersion = 0.12.0;
			};
		};
/* End XCRemoteSwiftPackageReference section */

/* Begin XCSwiftPackageProductDependency section */
		52DDE502C8909D441B1A9C3E /* SwiftCheck */ = {
			isa = XCSwiftPackageProductDependency;
			package = 373811BD5FFB871471CE20D0 /* XCRemoteSwiftPackageReference "SwiftCheck" */;
			productName = SwiftCheck;
		};
/* End XCSwiftPackageProductDependency section */

/* Begin XCVersionGroup section */
		B328E2110CE00F916EE7E722 /* PediLens.xcdatamodeld */ = {
			isa = XCVersionGroup;
			children = (
				F60F81F64E4F3E38DCD24C7E /* PediLens.xcdatamodel */,
			);
			currentVersion = F60F81F64E4F3E38DCD24C7E /* PediLens.xcdatamodel */;
			path = PediLens.xcdatamodeld;
			sourceTree = "<group>";
			versionGroupType = wrapper.xcdatamodel;
		};
/* End XCVersionGroup section */
	};
	rootObject = EDE99034BED6D3132C8B51E8 /* Project object */;
}
